
Microsoft Visual Studio Solution File, Format Version 12.00
# Visual Studio Version 17
VisualStudioVersion = 17.2.32630.192
MinimumVisualStudioVersion = 10.0.40219.1
Project("{8BC9CEB8-8B4A-11D0-8D11-00A0C91BC942}") = "rce_l20", "rce_l20\rce_l20.vcxproj", "{C575B800-677F-4644-B57F-FBB571E76B4D}"
EndProject
Global
	GlobalSection(SolutionConfigurationPlatforms) = preSolution
		Debug|x64 = Debug|x64
		Debug|x86 = Debug|x86
		Release|x64 = Release|x64
		Release|x86 = Release|x86
	EndGlobalSection
	GlobalSection(ProjectConfigurationPlatforms) = postSolution
		{C575B800-677F-4644-B57F-FBB571E76B4D}.Debug|x64.ActiveCfg = Debug|x64
		{C575B800-677F-4644-B57F-FBB571E76B4D}.Debug|x64.Build.0 = Debug|x64
		{C575B800-677F-4644-B57F-FBB571E76B4D}.Debug|x86.ActiveCfg = Debug|Win32
		{C575B800-677F-4644-B57F-FBB571E76B4D}.Debug|x86.Build.0 = Debug|Win32
		{C575B800-677F-4644-B57F-FBB571E76B4D}.Release|x64.ActiveCfg = Release|x64
		{C575B800-677F-4644-B57F-FBB571E76B4D}.Release|x64.Build.0 = Release|x64
		{C575B800-677F-4644-B57F-FBB571E76B4D}.Release|x86.ActiveCfg = Release|Win32
		{C575B800-677F-4644-B57F-FBB571E76B4D}.Release|x86.Build.0 = Release|Win32
	EndGlobalSection
	GlobalSection(SolutionProperties) = preSolution
		HideSolutionNode = FALSE
	EndGlobalSection
	GlobalSection(ExtensibilityGlobals) = postSolution
		SolutionGuid = {528BD4B7-A3A8-4562-AEB5-BB23DECBA3FE}
	EndGlobalSection
EndGlobal
